
Microsoft Visual Studio Solution File, Format Version 12.00
# Visual Studio 15
VisualStudioVersion = 15.0.27004.2009
MinimumVisualStudioVersion = 10.0.40219.1
Project("{9092AA53-FB77-4645-B42D-1CCCA6BD08BD}") = "CuNotifier", "CuNotifier\CuNotifier.njsproj", "{0BD74589-80A8-4BAA-B9BB-BCC714CF43BC}"
EndProject
Global
	GlobalSection(SolutionConfigurationPlatforms) = preSolution
		Debug|Any CPU = Debug|Any CPU
		Release|Any CPU = Release|Any CPU
	EndGlobalSection
	GlobalSection(ProjectConfigurationPlatforms) = postSolution
		{0BD74589-80A8-4BAA-B9BB-BCC714CF43BC}.Debug|Any CPU.ActiveCfg = Debug|Any CPU
		{0BD74589-80A8-4BAA-B9BB-BCC714CF43BC}.Debug|Any CPU.Build.0 = Debug|Any CPU
		{0BD74589-80A8-4BAA-B9BB-BCC714CF43BC}.Release|Any CPU.ActiveCfg = Release|Any CPU
		{0BD74589-80A8-4BAA-B9BB-BCC714CF43BC}.Release|Any CPU.Build.0 = Release|Any CPU
	EndGlobalSection
	GlobalSection(SolutionProperties) = preSolution
		HideSolutionNode = FALSE
	EndGlobalSection
	GlobalSection(ExtensibilityGlobals) = postSolution
		SolutionGuid = {4A92E277-2B7B-494C-82FC-1B9C8A787282}
	EndGlobalSection
EndGlobal
